
Microsoft Visual Studio Solution File, Format Version 12.00
# Visual Studio Version 17
VisualStudioVersion = 17.6.33829.357
MinimumVisualStudioVersion = 10.0.40219.1
Project("{2150E333-8FDC-42A3-9474-1A3956D46DE8}") = "Functional", "Functional", "{D01A00CF-21A6-4F3D-8A31-1D960D322CF5}"
EndProject
Project("{2150E333-8FDC-42A3-9474-1A3956D46DE8}") = "Services", "Services", "{1765853F-6776-4FF4-BC92-300E4DC699DF}"
EndProject
Project("{2150E333-8FDC-42A3-9474-1A3956D46DE8}") = "Business", "Business", "{BFD17C70-3328-4CB4-903F-9F2A453134E9}"
EndProject
Project("{2150E333-8FDC-42A3-9474-1A3956D46DE8}") = "Data", "Data", "{0A4C34C7-637D-4372-AEEE-FFF8B4336CCD}"
EndProject
Project("{2150E333-8FDC-42A3-9474-1A3956D46DE8}") = "Dbio", "Dbio", "{3B711F07-7425-4291-A82F-72335EE889CB}"
EndProject
Project("{2150E333-8FDC-42A3-9474-1A3956D46DE8}") = "Utilities", "Utilities", "{8AD6B76C-7DA4-4D10-8076-773798D30854}"
EndProject
Project("{9A19103F-16F7-4668-BE54-9A1E7A4F7556}") = "Jon.Functional.MySolution", "Functional\Jon.Functional.MySolution\Jon.Functional.MySolution.csproj", "{5890B5AB-9B21-4D52-BB22-66A88CC32455}"
EndProject
Project("{9A19103F-16F7-4668-BE54-9A1E7A4F7556}") = "Jon.Dio.MyDatabase", "Services\Dbio\Jon.Dio.MyDatabase\Jon.Dio.MyDatabase.csproj", "{D43CB945-BABE-4EDD-A2B5-2805AAA004E0}"
EndProject
Project("{9A19103F-16F7-4668-BE54-9A1E7A4F7556}") = "MySolution", "MySolution\MySolution.csproj", "{76D825B5-79C2-41AA-BF4C-C71EBFF8D484}"
EndProject
Project("{9A19103F-16F7-4668-BE54-9A1E7A4F7556}") = "Jon.Services.Data", "Services\Data\Daystar.Services.Data\Jon.Services.Data.csproj", "{5775074D-E64B-468F-BC1D-16F3B28ED7CB}"
EndProject
Project("{9A19103F-16F7-4668-BE54-9A1E7A4F7556}") = "Jon.Functional.ASM", "Functional\Daystar.Functional.ASM\Jon.Functional.ASM.csproj", "{0890EE7E-7D6E-4200-BAE3-2811641AF2C7}"
EndProject
Project("{9A19103F-16F7-4668-BE54-9A1E7A4F7556}") = "Jon.Functional.Util", "Functional\Daystar.Functional.Util\Jon.Functional.Util.csproj", "{DEDE0C01-D313-4DA2-B7F4-DF5F3CEA8B35}"
EndProject
Project("{9A19103F-16F7-4668-BE54-9A1E7A4F7556}") = "Jon.Services.Dbio.ASM", "Services\Dbio\Daystar.Services.Dbio.ASM\Jon.Services.Dbio.ASM.csproj", "{E321A714-FD5E-4590-A869-9F04AB231FBE}"
EndProject
Project("{9A19103F-16F7-4668-BE54-9A1E7A4F7556}") = "Jon.Services.Data.ASM", "Services\Data\Daystar.Services.Data.ASM\Jon.Services.Data.ASM.csproj", "{BD830D72-4789-49E3-91A0-B42856953CC4}"
EndProject
Project("{9A19103F-16F7-4668-BE54-9A1E7A4F7556}") = "Jon.Services.Data.MyDatabase", "Services\Data\Jon.Services.Data.MyDatabase\Jon.Services.Data.MyDatabase.csproj", "{6D40386F-7B4C-4440-AB11-7D91FE3C94A7}"
EndProject
Project("{9A19103F-16F7-4668-BE54-9A1E7A4F7556}") = "Jon.Util.Buffer", "Utilities\Jon.Util.Buffer\Jon.Util.Buffer.csproj", "{DF4CCE60-3556-4735-958E-A8D03B63E903}"
EndProject
Project("{9A19103F-16F7-4668-BE54-9A1E7A4F7556}") = "Jon.Util.Data", "Utilities\Jon.Util.Data\Jon.Util.Data.csproj", "{5A1FC580-42D7-4DF7-873C-AC4F5E028BF8}"
EndProject
Project("{9A19103F-16F7-4668-BE54-9A1E7A4F7556}") = "Jon.Util.Status", "Utilities\Jon.Util.Status\Jon.Util.Status.csproj", "{9213DBC8-6D99-41E9-A455-DD3EF1F53D4C}"
EndProject
Global
	GlobalSection(SolutionConfigurationPlatforms) = preSolution
		Debug|Any CPU = Debug|Any CPU
		Release|Any CPU = Release|Any CPU
	EndGlobalSection
	GlobalSection(ProjectConfigurationPlatforms) = postSolution
		{5890B5AB-9B21-4D52-BB22-66A88CC32455}.Debug|Any CPU.ActiveCfg = Debug|Any CPU
		{5890B5AB-9B21-4D52-BB22-66A88CC32455}.Debug|Any CPU.Build.0 = Debug|Any CPU
		{5890B5AB-9B21-4D52-BB22-66A88CC32455}.Release|Any CPU.ActiveCfg = Release|Any CPU
		{5890B5AB-9B21-4D52-BB22-66A88CC32455}.Release|Any CPU.Build.0 = Release|Any CPU
		{D43CB945-BABE-4EDD-A2B5-2805AAA004E0}.Debug|Any CPU.ActiveCfg = Debug|Any CPU
		{D43CB945-BABE-4EDD-A2B5-2805AAA004E0}.Debug|Any CPU.Build.0 = Debug|Any CPU
		{D43CB945-BABE-4EDD-A2B5-2805AAA004E0}.Release|Any CPU.ActiveCfg = Release|Any CPU
		{D43CB945-BABE-4EDD-A2B5-2805AAA004E0}.Release|Any CPU.Build.0 = Release|Any CPU
		{76D825B5-79C2-41AA-BF4C-C71EBFF8D484}.Debug|Any CPU.ActiveCfg = Debug|Any CPU
		{76D825B5-79C2-41AA-BF4C-C71EBFF8D484}.Debug|Any CPU.Build.0 = Debug|Any CPU
		{76D825B5-79C2-41AA-BF4C-C71EBFF8D484}.Release|Any CPU.ActiveCfg = Release|Any CPU
		{76D825B5-79C2-41AA-BF4C-C71EBFF8D484}.Release|Any CPU.Build.0 = Release|Any CPU
		{5775074D-E64B-468F-BC1D-16F3B28ED7CB}.Debug|Any CPU.ActiveCfg = Debug|Any CPU
		{5775074D-E64B-468F-BC1D-16F3B28ED7CB}.Debug|Any CPU.Build.0 = Debug|Any CPU
		{5775074D-E64B-468F-BC1D-16F3B28ED7CB}.Release|Any CPU.ActiveCfg = Release|Any CPU
		{5775074D-E64B-468F-BC1D-16F3B28ED7CB}.Release|Any CPU.Build.0 = Release|Any CPU
		{0890EE7E-7D6E-4200-BAE3-2811641AF2C7}.Debug|Any CPU.ActiveCfg = Debug|Any CPU
		{0890EE7E-7D6E-4200-BAE3-2811641AF2C7}.Debug|Any CPU.Build.0 = Debug|Any CPU
		{0890EE7E-7D6E-4200-BAE3-2811641AF2C7}.Release|Any CPU.ActiveCfg = Release|Any CPU
		{0890EE7E-7D6E-4200-BAE3-2811641AF2C7}.Release|Any CPU.Build.0 = Release|Any CPU
		{DEDE0C01-D313-4DA2-B7F4-DF5F3CEA8B35}.Debug|Any CPU.ActiveCfg = Debug|Any CPU
		{DEDE0C01-D313-4DA2-B7F4-DF5F3CEA8B35}.Debug|Any CPU.Build.0 = Debug|Any CPU
		{DEDE0C01-D313-4DA2-B7F4-DF5F3CEA8B35}.Release|Any CPU.ActiveCfg = Release|Any CPU
		{DEDE0C01-D313-4DA2-B7F4-DF5F3CEA8B35}.Release|Any CPU.Build.0 = Release|Any CPU
		{E321A714-FD5E-4590-A869-9F04AB231FBE}.Debug|Any CPU.ActiveCfg = Debug|Any CPU
		{E321A714-FD5E-4590-A869-9F04AB231FBE}.Debug|Any CPU.Build.0 = Debug|Any CPU
		{E321A714-FD5E-4590-A869-9F04AB231FBE}.Release|Any CPU.ActiveCfg = Release|Any CPU
		{E321A714-FD5E-4590-A869-9F04AB231FBE}.Release|Any CPU.Build.0 = Release|Any CPU
		{BD830D72-4789-49E3-91A0-B42856953CC4}.Debug|Any CPU.ActiveCfg = Debug|Any CPU
		{BD830D72-4789-49E3-91A0-B42856953CC4}.Debug|Any CPU.Build.0 = Debug|Any CPU
		{BD830D72-4789-49E3-91A0-B42856953CC4}.Release|Any CPU.ActiveCfg = Release|Any CPU
		{BD830D72-4789-49E3-91A0-B42856953CC4}.Release|Any CPU.Build.0 = Release|Any CPU
		{6D40386F-7B4C-4440-AB11-7D91FE3C94A7}.Debug|Any CPU.ActiveCfg = Debug|Any CPU
		{6D40386F-7B4C-4440-AB11-7D91FE3C94A7}.Debug|Any CPU.Build.0 = Debug|Any CPU
		{6D40386F-7B4C-4440-AB11-7D91FE3C94A7}.Release|Any CPU.ActiveCfg = Release|Any CPU
		{6D40386F-7B4C-4440-AB11-7D91FE3C94A7}.Release|Any CPU.Build.0 = Release|Any CPU
		{DF4CCE60-3556-4735-958E-A8D03B63E903}.Debug|Any CPU.ActiveCfg = Debug|Any CPU
		{DF4CCE60-3556-4735-958E-A8D03B63E903}.Debug|Any CPU.Build.0 = Debug|Any CPU
		{DF4CCE60-3556-4735-958E-A8D03B63E903}.Release|Any CPU.ActiveCfg = Release|Any CPU
		{DF4CCE60-3556-4735-958E-A8D03B63E903}.Release|Any CPU.Build.0 = Release|Any CPU
		{5A1FC580-42D7-4DF7-873C-AC4F5E028BF8}.Debug|Any CPU.ActiveCfg = Debug|Any CPU
		{5A1FC580-42D7-4DF7-873C-AC4F5E028BF8}.Debug|Any CPU.Build.0 = Debug|Any CPU
		{5A1FC580-42D7-4DF7-873C-AC4F5E028BF8}.Release|Any CPU.ActiveCfg = Release|Any CPU
		{5A1FC580-42D7-4DF7-873C-AC4F5E028BF8}.Release|Any CPU.Build.0 = Release|Any CPU
		{9213DBC8-6D99-41E9-A455-DD3EF1F53D4C}.Debug|Any CPU.ActiveCfg = Debug|Any CPU
		{9213DBC8-6D99-41E9-A455-DD3EF1F53D4C}.Debug|Any CPU.Build.0 = Debug|Any CPU
		{9213DBC8-6D99-41E9-A455-DD3EF1F53D4C}.Release|Any CPU.ActiveCfg = Release|Any CPU
		{9213DBC8-6D99-41E9-A455-DD3EF1F53D4C}.Release|Any CPU.Build.0 = Release|Any CPU
	EndGlobalSection
	GlobalSection(SolutionProperties) = preSolution
		HideSolutionNode = FALSE
	EndGlobalSection
	GlobalSection(NestedProjects) = preSolution
		{BFD17C70-3328-4CB4-903F-9F2A453134E9} = {1765853F-6776-4FF4-BC92-300E4DC699DF}
		{0A4C34C7-637D-4372-AEEE-FFF8B4336CCD} = {1765853F-6776-4FF4-BC92-300E4DC699DF}
		{3B711F07-7425-4291-A82F-72335EE889CB} = {1765853F-6776-4FF4-BC92-300E4DC699DF}
		{5890B5AB-9B21-4D52-BB22-66A88CC32455} = {D01A00CF-21A6-4F3D-8A31-1D960D322CF5}
		{D43CB945-BABE-4EDD-A2B5-2805AAA004E0} = {3B711F07-7425-4291-A82F-72335EE889CB}
		{5775074D-E64B-468F-BC1D-16F3B28ED7CB} = {0A4C34C7-637D-4372-AEEE-FFF8B4336CCD}
		{0890EE7E-7D6E-4200-BAE3-2811641AF2C7} = {D01A00CF-21A6-4F3D-8A31-1D960D322CF5}
		{DEDE0C01-D313-4DA2-B7F4-DF5F3CEA8B35} = {D01A00CF-21A6-4F3D-8A31-1D960D322CF5}
		{E321A714-FD5E-4590-A869-9F04AB231FBE} = {3B711F07-7425-4291-A82F-72335EE889CB}
		{BD830D72-4789-49E3-91A0-B42856953CC4} = {0A4C34C7-637D-4372-AEEE-FFF8B4336CCD}
		{6D40386F-7B4C-4440-AB11-7D91FE3C94A7} = {0A4C34C7-637D-4372-AEEE-FFF8B4336CCD}
		{DF4CCE60-3556-4735-958E-A8D03B63E903} = {8AD6B76C-7DA4-4D10-8076-773798D30854}
		{5A1FC580-42D7-4DF7-873C-AC4F5E028BF8} = {8AD6B76C-7DA4-4D10-8076-773798D30854}
		{9213DBC8-6D99-41E9-A455-DD3EF1F53D4C} = {8AD6B76C-7DA4-4D10-8076-773798D30854}
	EndGlobalSection
	GlobalSection(ExtensibilityGlobals) = postSolution
		SolutionGuid = {70C0F526-82C4-49DF-A9FD-4A28804A9B74}
	EndGlobalSection
EndGlobal
